github.com/cespare/xxhash/v2 v2.3.0 h1:UL815xU9SqsFlibzuggzjXhog7bL6oX9BbNZnL2UFvs=
github.com/cespare/xxhash/v2 v2.3.0/go.mod h1:VGX0DQ3Q6kWi7AoAeZDth3/j3BFtOZR5XLFGgcrjCOs=
github.com/elastic/go-freelru v0.16.0 h1:gG2HJ1WXN2tNl5/p40JS/l59HjvjRhjyAa+oFTRArYs=
github.com/elastic/go-freelru v0.16.0/go.mod h1:bSdWT4M0lW79K8QbX6XY2heQYSCqD7THoYf82pT/H3I=
github.com/google/go-cmp v0.6.0 h1:ofyhxvXcZhMsU5ulbFiLKl/XBFqE1GSq7atu8tAmTRI=
github.com/google/go-cmp v0.6.0/go.mod h1:17dUlkBOakJ0+DkrSSNjCkIjxS6bF9zb3elmeNGIjoY=
github.com/google/uuid v1.6.0 h1:NIvaJDMOsjHA8n1jAhLSgzrAzy1Hgr+hNrb57e+94F0=
github.com/google/uuid v1.6.0/go.mod h1:TIyPZe4MgqvfeYDBFedMoGGpEw/LqOeaOT+nhxU+yHo=
github.com/miekg/dns v1.1.72 h1:vhmr+TF2A3tuoGNkLDFK9zi36F2LS+hKTRW0Uf8kbzI=
github.com/miekg/dns v1.1.72/go.mod h1:+EuEPhdHOsfk6Wk5TT2CzssZdqkmFhf8r+aVyDEToIs=
github.com/moi-si/addrtrie v0.2.1 h1:ptOMXg9On+j56h/x3JbPt2oEJJoI6W1lKEUZ+Jplp68=
github.com/moi-si/addrtrie v0.2.1/go.mod h1:zrVOf6v+kfqrW5WZ1yeUUJ8ATxY/GuIDHFoQGJ91AjU=
github.com/moi-si/addrtrie v0.2.2 h1:3JHAMKZIHFDqNHdgupkEzx9ilx0xuasS/dhzS7MhihY=
github.com/moi-si/addrtrie v0.2.2/go.mod h1:zrVOf6v+kfqrW5WZ1yeUUJ8ATxY/GuIDHFoQGJ91AjU=
github.com/moi-si/mylog v0.2.0 h1:fdNctCgDl+L0CNXsWiU02xyghc7U07v3xczjbZ09JVo=
github.com/moi-si/mylog v0.2.0/go.mod h1:drFJSor9bxH4WiQXvrTlvmvWJkXw980mH1XVIG9BmZw=
golang.org/x/mod v0.33.0 h1:tHFzIWbBifEmbwtGz65eaWyGiGZatSrT9prnU8DbVL8=
golang.org/x/mod v0.33.0/go.mod h1:swjeQEj+6r7fODbD2cqrnje9PnziFuw4bmLbBZFrQ5w=
golang.org/x/net v0.50.0 h1:ucWh9eiCGyDR3vtzso0WMQinm2Dnt8cFMuQa9K33J60=
golang.org/x/net v0.50.0/go.mod h1:UgoSli3F/pBgdJBHCTc+tp3gmrU4XswgGRgtnwWTfyM=
golang.org/x/sync v0.19.0 h1:vV+1eWNmZ5geRlYjzm2adRgW2/mcpevXNg50YZtPCE4=
golang.org/x/sync v0.19.0/go.mod h1:9KTHXmSnoGruLpwFjVSX0lNNA75CykiMECbovNTZqGI=
golang.org/x/sys v0.41.0 h1:Ivj+2Cp/ylzLiEU89QhWblYnOE9zerudt9Ftecq2C6k=
golang.org/x/sys v0.41.0/go.mod h1:OgkHotnGiDImocRcuBABYBEXf8A9a87e/uXjp9XT3ks=
golang.org/x/tools v0.42.0 h1:uNgphsn75Tdz5Ji2q36v/nsFSfR/9BRFvqhGBaJGd5k=
golang.org/x/tools v0.42.0/go.mod h1:Ma6lCIwGZvHK6XtgbswSoWroEkhugApmsXyrUmBhfr0=
